// !$*UTF8*$!
{
	archiveVersion = 1;
	classes = {
	};
	objectVersion = 55;
	objects = {

/* Begin PBXBuildFile section */
		02335F882AB5FCDE0033221B /* AppDelegate.swift in Sources */ = {isa = PBXBuildFile; fileRef = 02335F872AB5FCDE0033221B /* AppDelegate.swift */; };
		02335F8A2AB5FCDE0033221B /* SceneDelegate.swift in Sources */ = {isa = PBXBuildFile; fileRef = 02335F892AB5FCDE0033221B /* SceneDelegate.swift */; };
		02335F8C2AB5FCDE0033221B /* ViewController.swift in Sources */ = {isa = PBXBuildFile; fileRef = 02335F8B2AB5FCDE0033221B /* ViewController.swift */; };
		02335F8F2AB5FCDE0033221B /* Main.storyboard in Resources */ = {isa = PBXBuildFile; fileRef = 02335F8D2AB5FCDE0033221B /* Main.storyboard */; };
		02335F912AB5FCE20033221B /* Assets.xcassets in Resources */ = {isa = PBXBuildFile; fileRef = 02335F902AB5FCE20033221B /* Assets.xcassets */; };
		02335F942AB5FCE20033221B /* LaunchScreen.storyboard in Resources */ = {isa = PBXBuildFile; fileRef = 02335F922AB5FCE20033221B /* LaunchScreen.storyboard */; };
		02335F9F2AB5FCE20033221B /* EmployeeDirectoryaNetworkTests.swift in Sources */ = {isa = PBXBuildFile; fileRef = 02335F9E2AB5FCE20033221B /* EmployeeDirectoryaNetworkTests.swift */; };
		02335FA92AB5FCE20033221B /* EmployeeDirectoryAppUITests.swift in Sources */ = {isa = PBXBuildFile; fileRef = 02335FA82AB5FCE20033221B /* EmployeeDirectoryAppUITests.swift */; };
		02335FAB2AB5FCE20033221B /* EmployeeDirectoryAppUITestsLaunchTests.swift in Sources */ = {isa = PBXBuildFile; fileRef = 02335FAA2AB5FCE20033221B /* EmployeeDirectoryAppUITestsLaunchTests.swift */; };
		02335FB92AB6002F0033221B /* APICallLayer.swift in Sources */ = {isa = PBXBuildFile; fileRef = 02335FB82AB6002F0033221B /* APICallLayer.swift */; };
		02335FBB2AB608950033221B /* APIComponents.swift in Sources */ = {isa = PBXBuildFile; fileRef = 02335FBA2AB608950033221B /* APIComponents.swift */; };
		02335FBE2AB6099F0033221B /* APIErrors.swift in Sources */ = {isa = PBXBuildFile; fileRef = 02335FBD2AB6099F0033221B /* APIErrors.swift */; };
		02335FC02AB60ABA0033221B /* NetworkError.swift in Sources */ = {isa = PBXBuildFile; fileRef = 02335FBF2AB60ABA0033221B /* NetworkError.swift */; };
		02335FC22AB60C500033221B /* APIListProvider.swift in Sources */ = {isa = PBXBuildFile; fileRef = 02335FC12AB60C500033221B /* APIListProvider.swift */; };
		02335FC42AB633680033221B /* APINetworkClient.swift in Sources */ = {isa = PBXBuildFile; fileRef = 02335FC32AB633680033221B /* APINetworkClient.swift */; };
		02335FC72AB635EE0033221B /* EmployeeListModel.swift in Sources */ = {isa = PBXBuildFile; fileRef = 02335FC62AB635EE0033221B /* EmployeeListModel.swift */; };
		02335FCA2AB6A48D0033221B /* EmployeeDirectoryViewModel.swift in Sources */ = {isa = PBXBuildFile; fileRef = 02335FC92AB6A48D0033221B /* EmployeeDirectoryViewModel.swift */; };
		02335FCD2AB6C27A0033221B /* EmployeeList.json in Sources */ = {isa = PBXBuildFile; fileRef = 02335FCC2AB6C27A0033221B /* EmployeeList.json */; };
		02335FD02AB779930033221B /* LayoutStyles.swift in Sources */ = {isa = PBXBuildFile; fileRef = 02335FCF2AB779930033221B /* LayoutStyles.swift */; };
		02335FD22AB77C2F0033221B /* EmployeeSummaryLayout.swift in Sources */ = {isa = PBXBuildFile; fileRef = 02335FD12AB77C2F0033221B /* EmployeeSummaryLayout.swift */; };
		02335FD42AB784680033221B /* EmployeeListSource.swift in Sources */ = {isa = PBXBuildFile; fileRef = 02335FD32AB784680033221B /* EmployeeListSource.swift */; };
		02335FD62AB78B7B0033221B /* EmpoyeeDetailTableViewCell.swift in Sources */ = {isa = PBXBuildFile; fileRef = 02335FD52AB78B7B0033221B /* EmpoyeeDetailTableViewCell.swift */; };
		02335FD92AB8A7F20033221B /* RefreshControlService.swift in Sources */ = {isa = PBXBuildFile; fileRef = 02335FD82AB8A7F20033221B /* RefreshControlService.swift */; };
		02335FDC2AB949900033221B /* ImageProcessingCache.swift in Sources */ = {isa = PBXBuildFile; fileRef = 02335FDB2AB949900033221B /* ImageProcessingCache.swift */; };
		02335FDE2AB9E5B60033221B /* ImageCache.swift in Sources */ = {isa = PBXBuildFile; fileRef = 02335FDD2AB9E5B60033221B /* ImageCache.swift */; };
		02335FE12ABDA0A50033221B /* MockApiHelper.swift in Sources */ = {isa = PBXBuildFile; fileRef = 02335FE02ABDA0A40033221B /* MockApiHelper.swift */; };
		02335FE22ABDA6490033221B /* EmployeeList.json in Resources */ = {isa = PBXBuildFile; fileRef = 02335FCC2AB6C27A0033221B /* EmployeeList.json */; };
		02335FE42ABDF8300033221B /* EmployeeDirectoryTableViewDataSourceTests.swift in Sources */ = {isa = PBXBuildFile; fileRef = 02335FE32ABDF8300033221B /* EmployeeDirectoryTableViewDataSourceTests.swift */; };
		02335FE62ABE15E80033221B /* EmployeeDirectoryViewModelDelegateTests.swift in Sources */ = {isa = PBXBuildFile; fileRef = 02335FE52ABE15E80033221B /* EmployeeDirectoryViewModelDelegateTests.swift */; };
		02335FEC2ABE2A7A0033221B /* Spinner.swift in Sources */ = {isa = PBXBuildFile; fileRef = 02335FEB2ABE2A7A0033221B /* Spinner.swift */; };
		02335FEE2ABE2AAB0033221B /* Alert.swift in Sources */ = {isa = PBXBuildFile; fileRef = 02335FED2ABE2AAB0033221B /* Alert.swift */; };
/* End PBXBuildFile section */

/* Begin PBXContainerItemProxy section */
		02335F9B2AB5FCE20033221B /* PBXContainerItemProxy */ = {
			isa = PBXContainerItemProxy;
			containerPortal = 02335F7C2AB5FCDE0033221B /* Project object */;
			proxyType = 1;
			remoteGlobalIDString = 02335F832AB5FCDE0033221B;
			remoteInfo = EmployeeDirectoryApp;
		};
		02335FA52AB5FCE20033221B /* PBXContainerItemProxy */ = {
			isa = PBXContainerItemProxy;
			containerPortal = 02335F7C2AB5FCDE0033221B /* Project object */;
			proxyType = 1;
			remoteGlobalIDString = 02335F832AB5FCDE0033221B;
			remoteInfo = EmployeeDirectoryApp;
		};
/* End PBXContainerItemProxy section */

/* Begin PBXFileReference section */
		02335F842AB5FCDE0033221B /* EmployeeDirectoryApp.app */ = {isa = PBXFileReference; explicitFileType = wrapper.application; includeInIndex = 0; path = EmployeeDirectoryApp.app; sourceTree = BUILT_PRODUCTS_DIR; };
		02335F872AB5FCDE0033221B /* AppDelegate.swift */ = {isa = PBXFileReference; lastKnownFileType = sourcecode.swift; path = AppDelegate.swift; sourceTree = "<group>"; };
		02335F892AB5FCDE0033221B /* SceneDelegate.swift */ = {isa = PBXFileReference; lastKnownFileType = sourcecode.swift; path = SceneDelegate.swift; sourceTree = "<group>"; };
		02335F8B2AB5FCDE0033221B /* ViewController.swift */ = {isa = PBXFileReference; lastKnownFileType = sourcecode.swift; path = ViewController.swift; sourceTree = "<group>"; };
		02335F8E2AB5FCDE0033221B /* Base */ = {isa = PBXFileReference; lastKnownFileType = file.storyboard; name = Base; path = Base.lproj/Main.storyboard; sourceTree = "<group>"; };
		02335F902AB5FCE20033221B /* Assets.xcassets */ = {isa = PBXFileReference; lastKnownFileType = folder.assetcatalog; path = Assets.xcassets; sourceTree = "<group>"; };
		02335F932AB5FCE20033221B /* Base */ = {isa = PBXFileReference; lastKnownFileType = file.storyboard; name = Base; path = Base.lproj/LaunchScreen.storyboard; sourceTree = "<group>"; };
		02335F952AB5FCE20033221B /* Info.plist */ = {isa = PBXFileReference; lastKnownFileType = text.plist.xml; path = Info.plist; sourceTree = "<group>"; };
		02335F9A2AB5FCE20033221B /* EmployeeDirectoryAppTests.xctest */ = {isa = PBXFileReference; explicitFileType = wrapper.cfbundle; includeInIndex = 0; path = EmployeeDirectoryAppTests.xctest; sourceTree = BUILT_PRODUCTS_DIR; };
		02335F9E2AB5FCE20033221B /* EmployeeDirectoryaNetworkTests.swift */ = {isa = PBXFileReference; lastKnownFileType = sourcecode.swift; path = EmployeeDirectoryaNetworkTests.swift; sourceTree = "<group>"; };
		02335FA42AB5FCE20033221B /* EmployeeDirectoryAppUITests.xctest */ = {isa = PBXFileReference; explicitFileType = wrapper.cfbundle; includeInIndex = 0; path = EmployeeDirectoryAppUITests.xctest; sourceTree = BUILT_PRODUCTS_DIR; };
		02335FA82AB5FCE20033221B /* EmployeeDirectoryAppUITests.swift */ = {isa = PBXFileReference; lastKnownFileType = sourcecode.swift; path = EmployeeDirectoryAppUITests.swift; sourceTree = "<group>"; };
		02335FAA2AB5FCE20033221B /* EmployeeDirectoryAppUITestsLaunchTests.swift */ = {isa = PBXFileReference; lastKnownFileType = sourcecode.swift; path = EmployeeDirectoryAppUITestsLaunchTests.swift; sourceTree = "<group>"; };
		02335FB82AB6002F0033221B /* APICallLayer.swift */ = {isa = PBXFileReference; lastKnownFileType = sourcecode.swift; path = APICallLayer.swift; sourceTree = "<group>"; };
		02335FBA2AB608950033221B /* APIComponents.swift */ = {isa = PBXFileReference; lastKnownFileType = sourcecode.swift; path = APIComponents.swift; sourceTree = "<group>"; };
		02335FBD2AB6099F0033221B /* APIErrors.swift */ = {isa = PBXFileReference; lastKnownFileType = sourcecode.swift; path = APIErrors.swift; sourceTree = "<group>"; };
		02335FBF2AB60ABA0033221B /* NetworkError.swift */ = {isa = PBXFileReference; lastKnownFileType = sourcecode.swift; path = NetworkError.swift; sourceTree = "<group>"; };
		02335FC12AB60C500033221B /* APIListProvider.swift */ = {isa = PBXFileReference; lastKnownFileType = sourcecode.swift; path = APIListProvider.swift; sourceTree = "<group>"; };
		02335FC32AB633680033221B /* APINetworkClient.swift */ = {isa = PBXFileReference; lastKnownFileType = sourcecode.swift; path = APINetworkClient.swift; sourceTree = "<group>"; };
		02335FC62AB635EE0033221B /* EmployeeListModel.swift */ = {isa = PBXFileReference; lastKnownFileType = sourcecode.swift; path = EmployeeListModel.swift; sourceTree = "<group>"; };
		02335FC92AB6A48D0033221B /* EmployeeDirectoryViewModel.swift */ = {isa = PBXFileReference; lastKnownFileType = sourcecode.swift; path = EmployeeDirectoryViewModel.swift; sourceTree = "<group>"; };
		02335FCC2AB6C27A0033221B /* EmployeeList.json */ = {isa = PBXFileReference; lastKnownFileType = text.json; path = EmployeeList.json; sourceTree = "<group>"; };
		02335FCF2AB779930033221B /* LayoutStyles.swift */ = {isa = PBXFileReference; lastKnownFileType = sourcecode.swift; path = LayoutStyles.swift; sourceTree = "<group>"; };
		02335FD12AB77C2F0033221B /* EmployeeSummaryLayout.swift */ = {isa = PBXFileReference; lastKnownFileType = sourcecode.swift; path = EmployeeSummaryLayout.swift; sourceTree = "<group>"; };
		02335FD32AB784680033221B /* EmployeeListSource.swift */ = {isa = PBXFileReference; lastKnownFileType = sourcecode.swift; path = EmployeeListSource.swift; sourceTree = "<group>"; };
		02335FD52AB78B7B0033221B /* EmpoyeeDetailTableViewCell.swift */ = {isa = PBXFileReference; lastKnownFileType = sourcecode.swift; path = EmpoyeeDetailTableViewCell.swift; sourceTree = "<group>"; };
		02335FD82AB8A7F20033221B /* RefreshControlService.swift */ = {isa = PBXFileReference; lastKnownFileType = sourcecode.swift; path = RefreshControlService.swift; sourceTree = "<group>"; };
		02335FDB2AB949900033221B /* ImageProcessingCache.swift */ = {isa = PBXFileReference; lastKnownFileType = sourcecode.swift; path = ImageProcessingCache.swift; sourceTree = "<group>"; };
		02335FDD2AB9E5B60033221B /* ImageCache.swift */ = {isa = PBXFileReference; lastKnownFileType = sourcecode.swift; path = ImageCache.swift; sourceTree = "<group>"; };
		02335FE02ABDA0A40033221B /* MockApiHelper.swift */ = {isa = PBXFileReference; lastKnownFileType = sourcecode.swift; path = MockApiHelper.swift; sourceTree = "<group>"; };
		02335FE32ABDF8300033221B /* EmployeeDirectoryTableViewDataSourceTests.swift */ = {isa = PBXFileReference; lastKnownFileType = sourcecode.swift; path = EmployeeDirectoryTableViewDataSourceTests.swift; sourceTree = "<group>"; };
		02335FE52ABE15E80033221B /* EmployeeDirectoryViewModelDelegateTests.swift */ = {isa = PBXFileReference; lastKnownFileType = sourcecode.swift; path = EmployeeDirectoryViewModelDelegateTests.swift; sourceTree = "<group>"; };
		02335FEB2ABE2A7A0033221B /* Spinner.swift */ = {isa = PBXFileReference; lastKnownFileType = sourcecode.swift; path = Spinner.swift; sourceTree = "<group>"; };
		02335FED2ABE2AAB0033221B /* Alert.swift */ = {isa = PBXFileReference; lastKnownFileType = sourcecode.swift; path = Alert.swift; sourceTree = "<group>"; };
		02335FEF2ABE4BA90033221B /* Readme.md */ = {isa = PBXFileReference; lastKnownFileType = net.daringfireball.markdown; path = Readme.md; sourceTree = "<group>"; };
/* End PBXFileReference section */

/* Begin PBXFrameworksBuildPhase section */
		02335F812AB5FCDE0033221B /* Frameworks */ = {
			isa = PBXFrameworksBuildPhase;
			buildActionMask = 2147483647;
			files = (
			);
			runOnlyForDeploymentPostprocessing = 0;
		};
		02335F972AB5FCE20033221B /* Frameworks */ = {
			isa = PBXFrameworksBuildPhase;
			buildActionMask = 2147483647;
			files = (
			);
			runOnlyForDeploymentPostprocessing = 0;
		};
		02335FA12AB5FCE20033221B /* Frameworks */ = {
			isa = PBXFrameworksBuildPhase;
			buildActionMask = 2147483647;
			files = (
			);
			runOnlyForDeploymentPostprocessing = 0;
		};
/* End PBXFrameworksBuildPhase section */

/* Begin PBXGroup section */
		02335F7B2AB5FCDE0033221B = {
			isa = PBXGroup;
			children = (
				02335F862AB5FCDE0033221B /* EmployeeDirectoryApp */,
				02335F9D2AB5FCE20033221B /* EmployeeDirectoryAppTests */,
				02335FA72AB5FCE20033221B /* EmployeeDirectoryAppUITests */,
				02335F852AB5FCDE0033221B /* Products */,
			);
			sourceTree = "<group>";
		};
		02335F852AB5FCDE0033221B /* Products */ = {
			isa = PBXGroup;
			children = (
				02335F842AB5FCDE0033221B /* EmployeeDirectoryApp.app */,
				02335F9A2AB5FCE20033221B /* EmployeeDirectoryAppTests.xctest */,
				02335FA42AB5FCE20033221B /* EmployeeDirectoryAppUITests.xctest */,
			);
			name = Products;
			sourceTree = "<group>";
		};
		02335F862AB5FCDE0033221B /* EmployeeDirectoryApp */ = {
			isa = PBXGroup;
			children = (
				02335FE72ABE28580033221B /* View */,
				02335FDF2ABDA07C0033221B /* Helpers */,
				02335FD72AB8A7CD0033221B /* Services */,
				02335FCE2AB778FC0033221B /* TableViewComponents */,
				02335FC82AB6A4670033221B /* ViewModels */,
				02335FC52AB635D70033221B /* Models */,
				02335FBC2AB6097E0033221B /* ErrorHandling */,
				02335FB72AB5FFCF0033221B /* NetworkLayer */,
				02335F872AB5FCDE0033221B /* AppDelegate.swift */,
				02335F892AB5FCDE0033221B /* SceneDelegate.swift */,
				02335F8D2AB5FCDE0033221B /* Main.storyboard */,
				02335F902AB5FCE20033221B /* Assets.xcassets */,
				02335F922AB5FCE20033221B /* LaunchScreen.storyboard */,
				02335F952AB5FCE20033221B /* Info.plist */,
				02335FEF2ABE4BA90033221B /* Readme.md */,
			);
			path = EmployeeDirectoryApp;
			sourceTree = "<group>";
		};
		02335F9D2AB5FCE20033221B /* EmployeeDirectoryAppTests */ = {
			isa = PBXGroup;
			children = (
				02335F9E2AB5FCE20033221B /* EmployeeDirectoryaNetworkTests.swift */,
				02335FE32ABDF8300033221B /* EmployeeDirectoryTableViewDataSourceTests.swift */,
				02335FE52ABE15E80033221B /* EmployeeDirectoryViewModelDelegateTests.swift */,
			);
			path = EmployeeDirectoryAppTests;
			sourceTree = "<group>";
		};
		02335FA72AB5FCE20033221B /* EmployeeDirectoryAppUITests */ = {
			isa = PBXGroup;
			children = (
				02335FA82AB5FCE20033221B /* EmployeeDirectoryAppUITests.swift */,
				02335FAA2AB5FCE20033221B /* EmployeeDirectoryAppUITestsLaunchTests.swift */,
			);
			path = EmployeeDirectoryAppUITests;
			sourceTree = "<group>";
		};
		02335FB72AB5FFCF0033221B /* NetworkLayer */ = {
			isa = PBXGroup;
			children = (
				02335FB82AB6002F0033221B /* APICallLayer.swift */,
				02335FBA2AB608950033221B /* APIComponents.swift */,
				02335FC12AB60C500033221B /* APIListProvider.swift */,
				02335FC32AB633680033221B /* APINetworkClient.swift */,
			);
			path = NetworkLayer;
			sourceTree = "<group>";
		};
		02335FBC2AB6097E0033221B /* ErrorHandling */ = {
			isa = PBXGroup;
			children = (
				02335FBD2AB6099F0033221B /* APIErrors.swift */,
				02335FBF2AB60ABA0033221B /* NetworkError.swift */,
			);
			path = ErrorHandling;
			sourceTree = "<group>";
		};
		02335FC52AB635D70033221B /* Models */ = {
			isa = PBXGroup;
			children = (
				02335FC62AB635EE0033221B /* EmployeeListModel.swift */,
			);
			path = Models;
			sourceTree = "<group>";
		};
		02335FC82AB6A4670033221B /* ViewModels */ = {
			isa = PBXGroup;
			children = (
				02335FC92AB6A48D0033221B /* EmployeeDirectoryViewModel.swift */,
			);
			path = ViewModels;
			sourceTree = "<group>";
		};
		02335FCE2AB778FC0033221B /* TableViewComponents */ = {
			isa = PBXGroup;
			children = (
				02335FCF2AB779930033221B /* LayoutStyles.swift */,
				02335FD12AB77C2F0033221B /* EmployeeSummaryLayout.swift */,
				02335FD32AB784680033221B /* EmployeeListSource.swift */,
				02335FD52AB78B7B0033221B /* EmpoyeeDetailTableViewCell.swift */,
			);
			path = TableViewComponents;
			sourceTree = "<group>";
		};
		02335FD72AB8A7CD0033221B /* Services */ = {
			isa = PBXGroup;
			children = (
				02335FEA2ABE29720033221B /* Alert */,
				02335FE92ABE29660033221B /* Spinner */,
				02335FDA2AB949300033221B /* ImageService */,
				02335FE82ABE293D0033221B /* RefreshService */,
			);
			path = Services;
			sourceTree = "<group>";
		};
		02335FDA2AB949300033221B /* ImageService */ = {
			isa = PBXGroup;
			children = (
				02335FDB2AB949900033221B /* ImageProcessingCache.swift */,
				02335FDD2AB9E5B60033221B /* ImageCache.swift */,
			);
			path = ImageService;
			sourceTree = "<group>";
		};
		02335FDF2ABDA07C0033221B /* Helpers */ = {
			isa = PBXGroup;
			children = (
				02335FE02ABDA0A40033221B /* MockApiHelper.swift */,
				02335FCC2AB6C27A0033221B /* EmployeeList.json */,
			);
			path = Helpers;
			sourceTree = "<group>";
		};
		02335FE72ABE28580033221B /* View */ = {
			isa = PBXGroup;
			children = (
				02335F8B2AB5FCDE0033221B /* ViewController.swift */,
			);
			path = View;
			sourceTree = "<group>";
		};
		02335FE82ABE293D0033221B /* RefreshService */ = {
			isa = PBXGroup;
			children = (
				02335FD82AB8A7F20033221B /* RefreshControlService.swift */,
			);
			path = RefreshService;
			sourceTree = "<group>";
		};
		02335FE92ABE29660033221B /* Spinner */ = {
			isa = PBXGroup;
			children = (
				02335FEB2ABE2A7A0033221B /* Spinner.swift */,
			);
			path = Spinner;
			sourceTree = "<group>";
		};
		02335FEA2ABE29720033221B /* Alert */ = {
			isa = PBXGroup;
			children = (
				02335FED2ABE2AAB0033221B /* Alert.swift */,
			);
			path = Alert;
			sourceTree = "<group>";
		};
/* End PBXGroup section */

/* Begin PBXNativeTarget section */
		02335F832AB5FCDE0033221B /* EmployeeDirectoryApp */ = {
			isa = PBXNativeTarget;
			buildConfigurationList = 02335FAE2AB5FCE20033221B /* Build configuration list for PBXNativeTarget "EmployeeDirectoryApp" */;
			buildPhases = (
				02335F802AB5FCDE0033221B /* Sources */,
				02335F812AB5FCDE0033221B /* Frameworks */,
				02335F822AB5FCDE0033221B /* Resources */,
			);
			buildRules = (
			);
			dependencies = (
			);
			name = EmployeeDirectoryApp;
			productName = EmployeeDirectoryApp;
			productReference = 02335F842AB5FCDE0033221B /* EmployeeDirectoryApp.app */;
			productType = "com.apple.product-type.application";
		};
		02335F992AB5FCE20033221B /* EmployeeDirectoryAppTests */ = {
			isa = PBXNativeTarget;
			buildConfigurationList = 02335FB12AB5FCE20033221B /* Build configuration list for PBXNativeTarget "EmployeeDirectoryAppTests" */;
			buildPhases = (
				02335F962AB5FCE20033221B /* Sources */,
				02335F972AB5FCE20033221B /* Frameworks */,
				02335F982AB5FCE20033221B /* Resources */,
			);
			buildRules = (
			);
			dependencies = (
				02335F9C2AB5FCE20033221B /* PBXTargetDependency */,
			);
			name = EmployeeDirectoryAppTests;
			productName = EmployeeDirectoryAppTests;
			productReference = 02335F9A2AB5FCE20033221B /* EmployeeDirectoryAppTests.xctest */;
			productType = "com.apple.product-type.bundle.unit-test";
		};
		02335FA32AB5FCE20033221B /* EmployeeDirectoryAppUITests */ = {
			isa = PBXNativeTarget;
			buildConfigurationList = 02335FB42AB5FCE20033221B /* Build configuration list for PBXNativeTarget "EmployeeDirectoryAppUITests" */;
			buildPhases = (
				02335FA02AB5FCE20033221B /* Sources */,
				02335FA12AB5FCE20033221B /* Frameworks */,
				02335FA22AB5FCE20033221B /* Resources */,
			);
			buildRules = (
			);
			dependencies = (
				02335FA62AB5FCE20033221B /* PBXTargetDependency */,
			);
			name = EmployeeDirectoryAppUITests;
			productName = EmployeeDirectoryAppUITests;
			productReference = 02335FA42AB5FCE20033221B /* EmployeeDirectoryAppUITests.xctest */;
			productType = "com.apple.product-type.bundle.ui-testing";
		};
/* End PBXNativeTarget section */

/* Begin PBXProject section */
		02335F7C2AB5FCDE0033221B /* Project object */ = {
			isa = PBXProject;
			attributes = {
				BuildIndependentTargetsInParallel = 1;
				LastSwiftUpdateCheck = 1320;
				LastUpgradeCheck = 1320;
				TargetAttributes = {
					02335F832AB5FCDE0033221B = {
						CreatedOnToolsVersion = 13.2.1;
					};
					02335F992AB5FCE20033221B = {
						CreatedOnToolsVersion = 13.2.1;
						TestTargetID = 02335F832AB5FCDE0033221B;
					};
					02335FA32AB5FCE20033221B = {
						CreatedOnToolsVersion = 13.2.1;
						TestTargetID = 02335F832AB5FCDE0033221B;
					};
				};
			};
			buildConfigurationList = 02335F7F2AB5FCDE0033221B /* Build configuration list for PBXProject "EmployeeDirectoryApp" */;
			compatibilityVersion = "Xcode 13.0";
			developmentRegion = en;
			hasScannedForEncodings = 0;
			knownRegions = (
				en,
				Base,
			);
			mainGroup = 02335F7B2AB5FCDE0033221B;
			productRefGroup = 02335F852AB5FCDE0033221B /* Products */;
			projectDirPath = "";
			projectRoot = "";
			targets = (
				02335F832AB5FCDE0033221B /* EmployeeDirectoryApp */,
				02335F992AB5FCE20033221B /* EmployeeDirectoryAppTests */,
				02335FA32AB5FCE20033221B /* EmployeeDirectoryAppUITests */,
			);
		};
/* End PBXProject section */

/* Begin PBXResourcesBuildPhase section */
		02335F822AB5FCDE0033221B /* Resources */ = {
			isa = PBXResourcesBuildPhase;
			buildActionMask = 2147483647;
			files = (
				02335FE22ABDA6490033221B /* EmployeeList.json in Resources */,
				02335F942AB5FCE20033221B /* LaunchScreen.storyboard in Resources */,
				02335F912AB5FCE20033221B /* Assets.xcassets in Resources */,
				02335F8F2AB5FCDE0033221B /* Main.storyboard in Resources */,
			);
			runOnlyForDeploymentPostprocessing = 0;
		};
		02335F982AB5FCE20033221B /* Resources */ = {
			isa = PBXResourcesBuildPhase;
			buildActionMask = 2147483647;
			files = (
			);
			runOnlyForDeploymentPostprocessing = 0;
		};
		02335FA22AB5FCE20033221B /* Resources */ = {
			isa = PBXResourcesBuildPhase;
			buildActionMask = 2147483647;
			files = (
			);
			runOnlyForDeploymentPostprocessing = 0;
		};
/* End PBXResourcesBuildPhase section */

/* Begin PBXSourcesBuildPhase section */
		02335F802AB5FCDE0033221B /* Sources */ = {
			isa = PBXSourcesBuildPhase;
			buildActionMask = 2147483647;
			files = (
				02335FB92AB6002F0033221B /* APICallLayer.swift in Sources */,
				02335FC72AB635EE0033221B /* EmployeeListModel.swift in Sources */,
				02335FD02AB779930033221B /* LayoutStyles.swift in Sources */,
				02335FDE2AB9E5B60033221B /* ImageCache.swift in Sources */,
				02335FDC2AB949900033221B /* ImageProcessingCache.swift in Sources */,
				02335FC22AB60C500033221B /* APIListProvider.swift in Sources */,
				02335FC02AB60ABA0033221B /* NetworkError.swift in Sources */,
				02335FD42AB784680033221B /* EmployeeListSource.swift in Sources */,
				02335F8C2AB5FCDE0033221B /* ViewController.swift in Sources */,
				02335FD92AB8A7F20033221B /* RefreshControlService.swift in Sources */,
				02335FEE2ABE2AAB0033221B /* Alert.swift in Sources */,
				02335FEC2ABE2A7A0033221B /* Spinner.swift in Sources */,
				02335F882AB5FCDE0033221B /* AppDelegate.swift in Sources */,
				02335FBB2AB608950033221B /* APIComponents.swift in Sources */,
				02335FC42AB633680033221B /* APINetworkClient.swift in Sources */,
				02335FD62AB78B7B0033221B /* EmpoyeeDetailTableViewCell.swift in Sources */,
				02335FCA2AB6A48D0033221B /* EmployeeDirectoryViewModel.swift in Sources */,
				02335FD22AB77C2F0033221B /* EmployeeSummaryLayout.swift in Sources */,
				02335FCD2AB6C27A0033221B /* EmployeeList.json in Sources */,
				02335F8A2AB5FCDE0033221B /* SceneDelegate.swift in Sources */,
				02335FE12ABDA0A50033221B /* MockApiHelper.swift in Sources */,
				02335FBE2AB6099F0033221B /* APIErrors.swift in Sources */,
			);
			runOnlyForDeploymentPostprocessing = 0;
		};
		02335F962AB5FCE20033221B /* Sources */ = {
			isa = PBXSourcesBuildPhase;
			buildActionMask = 2147483647;
			files = (
				02335FE62ABE15E80033221B /* EmployeeDirectoryViewModelDelegateTests.swift in Sources */,
				02335FE42ABDF8300033221B /* EmployeeDirectoryTableViewDataSourceTests.swift in Sources */,
				02335F9F2AB5FCE20033221B /* EmployeeDirectoryaNetworkTests.swift in Sources */,
			);
			runOnlyForDeploymentPostprocessing = 0;
		};
		02335FA02AB5FCE20033221B /* Sources */ = {
			isa = PBXSourcesBuildPhase;
			buildActionMask = 2147483647;
			files = (
				02335FAB2AB5FCE20033221B /* EmployeeDirectoryAppUITestsLaunchTests.swift in Sources */,
				02335FA92AB5FCE20033221B /* EmployeeDirectoryAppUITests.swift in Sources */,
			);
			runOnlyForDeploymentPostprocessing = 0;
		};
/* End PBXSourcesBuildPhase section */

/* Begin PBXTargetDependency section */
		02335F9C2AB5FCE20033221B /* PBXTargetDependency */ = {
			isa = PBXTargetDependency;
			target = 02335F832AB5FCDE0033221B /* EmployeeDirectoryApp */;
			targetProxy = 02335F9B2AB5FCE20033221B /* PBXContainerItemProxy */;
		};
		02335FA62AB5FCE20033221B /* PBXTargetDependency */ = {
			isa = PBXTargetDependency;
			target = 02335F832AB5FCDE0033221B /* EmployeeDirectoryApp */;
			targetProxy = 02335FA52AB5FCE20033221B /* PBXContainerItemProxy */;
		};
/* End PBXTargetDependency section */

/* Begin PBXVariantGroup section */
		02335F8D2AB5FCDE0033221B /* Main.storyboard */ = {
			isa = PBXVariantGroup;
			children = (
				02335F8E2AB5FCDE0033221B /* Base */,
			);
			name = Main.storyboard;
			sourceTree = "<group>";
		};
		02335F922AB5FCE20033221B /* LaunchScreen.storyboard */ = {
			isa = PBXVariantGroup;
			children = (
				02335F932AB5FCE20033221B /* Base */,
			);
			name = LaunchScreen.storyboard;
			sourceTree = "<group>";
		};
/* End PBXVariantGroup section */

/* Begin XCBuildConfiguration section */
		02335FAC2AB5FCE20033221B /* Debug */ = {
			isa = XCBuildConfiguration;
			buildSettings = {
				ALWAYS_SEARCH_USER_PATHS = NO;
				CLANG_ANALYZER_NONNULL = YES;
				CLANG_ANALYZER_NUMBER_OBJECT_CONVERSION = YES_AGGRESSIVE;
				CLANG_CXX_LANGUAGE_STANDARD = "gnu++17";
				CLANG_CXX_LIBRARY = "libc++";
				CLANG_ENABLE_MODULES = YES;
				CLANG_ENABLE_OBJC_ARC = YES;
				CLANG_ENABLE_OBJC_WEAK = YES;
				CLANG_WARN_BLOCK_CAPTURE_AUTORELEASING = YES;
				CLANG_WARN_BOOL_CONVERSION = YES;
				CLANG_WARN_COMMA = YES;
				CLANG_WARN_CONSTANT_CONVERSION = YES;
				CLANG_WARN_DEPRECATED_OBJC_IMPLEMENTATIONS = YES;
				CLANG_WARN_DIRECT_OBJC_ISA_USAGE = YES_ERROR;
				CLANG_WARN_DOCUMENTATION_COMMENTS = YES;
				CLANG_WARN_EMPTY_BODY = YES;
				CLANG_WARN_ENUM_CONVERSION = YES;
				CLANG_WARN_INFINITE_RECURSION = YES;
				CLANG_WARN_INT_CONVERSION = YES;
				CLANG_WARN_NON_LITERAL_NULL_CONVERSION = YES;
				CLANG_WARN_OBJC_IMPLICIT_RETAIN_SELF = YES;
				CLANG_WARN_OBJC_LITERAL_CONVERSION = YES;
				CLANG_WARN_OBJC_ROOT_CLASS = YES_ERROR;
				CLANG_WARN_QUOTED_INCLUDE_IN_FRAMEWORK_HEADER = YES;
				CLANG_WARN_RANGE_LOOP_ANALYSIS = YES;
				CLANG_WARN_STRICT_PROTOTYPES = YES;
				CLANG_WARN_SUSPICIOUS_MOVE = YES;
				CLANG_WARN_UNGUARDED_AVAILABILITY = YES_AGGRESSIVE;
				CLANG_WARN_UNREACHABLE_CODE = YES;
				CLANG_WARN__DUPLICATE_METHOD_MATCH = YES;
				COPY_PHASE_STRIP = NO;
				DEBUG_INFORMATION_FORMAT = dwarf;
				ENABLE_STRICT_OBJC_MSGSEND = YES;
				ENABLE_TESTABILITY = YES;
				GCC_C_LANGUAGE_STANDARD = gnu11;
				GCC_DYNAMIC_NO_PIC = NO;
				GCC_NO_COMMON_BLOCKS = YES;
				GCC_OPTIMIZATION_LEVEL = 0;
				GCC_PREPROCESSOR_DEFINITIONS = (
					"DEBUG=1",
					"$(inherited)",
				);
				GCC_WARN_64_TO_32_BIT_CONVERSION = YES;
				GCC_WARN_ABOUT_RETURN_TYPE = YES_ERROR;
				GCC_WARN_UNDECLARED_SELECTOR = YES;
				GCC_WARN_UNINITIALIZED_AUTOS = YES_AGGRESSIVE;
				GCC_WARN_UNUSED_FUNCTION = YES;
				GCC_WARN_UNUSED_VARIABLE = YES;
				IPHONEOS_DEPLOYMENT_TARGET = 15.2;
				MTL_ENABLE_DEBUG_INFO = INCLUDE_SOURCE;
				MTL_FAST_MATH = YES;
				ONLY_ACTIVE_ARCH = YES;
				SDKROOT = iphoneos;
				SWIFT_ACTIVE_COMPILATION_CONDITIONS = DEBUG;
				SWIFT_OPTIMIZATION_LEVEL = "-Onone";
			};
			name = Debug;
		};
		02335FAD2AB5FCE20033221B /* Release */ = {
			isa = XCBuildConfiguration;
			buildSettings = {
				ALWAYS_SEARCH_USER_PATHS = NO;
				CLANG_ANALYZER_NONNULL = YES;
				CLANG_ANALYZER_NUMBER_OBJECT_CONVERSION = YES_AGGRESSIVE;
				CLANG_CXX_LANGUAGE_STANDARD = "gnu++17";
				CLANG_CXX_LIBRARY = "libc++";
				CLANG_ENABLE_MODULES = YES;
				CLANG_ENABLE_OBJC_ARC = YES;
				CLANG_ENABLE_OBJC_WEAK = YES;
				CLANG_WARN_BLOCK_CAPTURE_AUTORELEASING = YES;
				CLANG_WARN_BOOL_CONVERSION = YES;
				CLANG_WARN_COMMA = YES;
				CLANG_WARN_CONSTANT_CONVERSION = YES;
				CLANG_WARN_DEPRECATED_OBJC_IMPLEMENTATIONS = YES;
				CLANG_WARN_DIRECT_OBJC_ISA_USAGE = YES_ERROR;
				CLANG_WARN_DOCUMENTATION_COMMENTS = YES;
				CLANG_WARN_EMPTY_BODY = YES;
				CLANG_WARN_ENUM_CONVERSION = YES;
				CLANG_WARN_INFINITE_RECURSION = YES;
				CLANG_WARN_INT_CONVERSION = YES;
				CLANG_WARN_NON_LITERAL_NULL_CONVERSION = YES;
				CLANG_WARN_OBJC_IMPLICIT_RETAIN_SELF = YES;
				CLANG_WARN_OBJC_LITERAL_CONVERSION = YES;
				CLANG_WARN_OBJC_ROOT_CLASS = YES_ERROR;
				CLANG_WARN_QUOTED_INCLUDE_IN_FRAMEWORK_HEADER = YES;
				CLANG_WARN_RANGE_LOOP_ANALYSIS = YES;
				CLANG_WARN_STRICT_PROTOTYPES = YES;
				CLANG_WARN_SUSPICIOUS_MOVE = YES;
				CLANG_WARN_UNGUARDED_AVAILABILITY = YES_AGGRESSIVE;
				CLANG_WARN_UNREACHABLE_CODE = YES;
				CLANG_WARN__DUPLICATE_METHOD_MATCH = YES;
				COPY_PHASE_STRIP = NO;
				DEBUG_INFORMATION_FORMAT = "dwarf-with-dsym";
				ENABLE_NS_ASSERTIONS = NO;
				ENABLE_STRICT_OBJC_MSGSEND = YES;
				GCC_C_LANGUAGE_STANDARD = gnu11;
				GCC_NO_COMMON_BLOCKS = YES;
				GCC_WARN_64_TO_32_BIT_CONVERSION = YES;
				GCC_WARN_ABOUT_RETURN_TYPE = YES_ERROR;
				GCC_WARN_UNDECLARED_SELECTOR = YES;
				GCC_WARN_UNINITIALIZED_AUTOS = YES_AGGRESSIVE;
				GCC_WARN_UNUSED_FUNCTION = YES;
				GCC_WARN_UNUSED_VARIABLE = YES;
				IPHONEOS_DEPLOYMENT_TARGET = 15.2;
				MTL_ENABLE_DEBUG_INFO = NO;
				MTL_FAST_MATH = YES;
				SDKROOT = iphoneos;
				SWIFT_COMPILATION_MODE = wholemodule;
				SWIFT_OPTIMIZATION_LEVEL = "-O";
				VALIDATE_PRODUCT = YES;
			};
			name = Release;
		};
		02335FAF2AB5FCE20033221B /* Debug */ = {
			isa = XCBuildConfiguration;
			buildSettings = {
				ASSETCATALOG_COMPILER_APPICON_NAME = AppIcon;
				ASSETCATALOG_COMPILER_GLOBAL_ACCENT_COLOR_NAME = AccentColor;
				CODE_SIGN_STYLE = Automatic;
				CURRENT_PROJECT_VERSION = 1;
				DEVELOPMENT_TEAM = S43N2473JA;
				GENERATE_INFOPLIST_FILE = YES;
				INFOPLIST_FILE = EmployeeDirectoryApp/Info.plist;
				INFOPLIST_KEY_UIApplicationSupportsIndirectInputEvents = YES;
				INFOPLIST_KEY_UILaunchStoryboardName = LaunchScreen;
				INFOPLIST_KEY_UIMainStoryboardFile = Main;
				INFOPLIST_KEY_UISupportedInterfaceOrientations_iPad = "UIInterfaceOrientationPortrait UIInterfaceOrientationPortraitUpsideDown UIInterfaceOrientationLandscapeLeft UIInterfaceOrientationLandscapeRight";
				INFOPLIST_KEY_UISupportedInterfaceOrientations_iPhone = "UIInterfaceOrientationPortrait UIInterfaceOrientationLandscapeLeft UIInterfaceOrientationLandscapeRight";
				LD_RUNPATH_SEARCH_PATHS = (
					"$(inherited)",
					"@executable_path/Frameworks",
				);
				MARKETING_VERSION = 1.0;
				PRODUCT_BUNDLE_IDENTIFIER = harsha.EmployeeDirectoryApp;
				PRODUCT_NAME = "$(TARGET_NAME)";
				SWIFT_EMIT_LOC_STRINGS = YES;
				SWIFT_VERSION = 5.0;
				TARGETED_DEVICE_FAMILY = 1;
			};
			name = Debug;
		};
		02335FB02AB5FCE20033221B /* Release */ = {
			isa = XCBuildConfiguration;
			buildSettings = {
				ASSETCATALOG_COMPILER_APPICON_NAME = AppIcon;
				ASSETCATALOG_COMPILER_GLOBAL_ACCENT_COLOR_NAME = AccentColor;
				CODE_SIGN_STYLE = Automatic;
				CURRENT_PROJECT_VERSION = 1;
				DEVELOPMENT_TEAM = S43N2473JA;
				GENERATE_INFOPLIST_FILE = YES;
				INFOPLIST_FILE = EmployeeDirectoryApp/Info.plist;
				INFOPLIST_KEY_UIApplicationSupportsIndirectInputEvents = YES;
				INFOPLIST_KEY_UILaunchStoryboardName = LaunchScreen;
				INFOPLIST_KEY_UIMainStoryboardFile = Main;
				INFOPLIST_KEY_UISupportedInterfaceOrientations_iPad = "UIInterfaceOrientationPortrait UIInterfaceOrientationPortraitUpsideDown UIInterfaceOrientationLandscapeLeft UIInterfaceOrientationLandscapeRight";
				INFOPLIST_KEY_UISupportedInterfaceOrientations_iPhone = "UIInterfaceOrientationPortrait UIInterfaceOrientationLandscapeLeft UIInterfaceOrientationLandscapeRight";
				LD_RUNPATH_SEARCH_PATHS = (
					"$(inherited)",
					"@executable_path/Frameworks",
				);
				MARKETING_VERSION = 1.0;
				PRODUCT_BUNDLE_IDENTIFIER = harsha.EmployeeDirectoryApp;
				PRODUCT_NAME = "$(TARGET_NAME)";
				SWIFT_EMIT_LOC_STRINGS = YES;
				SWIFT_VERSION = 5.0;
				TARGETED_DEVICE_FAMILY = 1;
			};
			name = Release;
		};
		02335FB22AB5FCE20033221B /* Debug */ = {
			isa = XCBuildConfiguration;
			buildSettings = {
				ALWAYS_EMBED_SWIFT_STANDARD_LIBRARIES = YES;
				BUNDLE_LOADER = "$(TEST_HOST)";
				CODE_SIGN_STYLE = Automatic;
				CURRENT_PROJECT_VERSION = 1;
				DEVELOPMENT_TEAM = S43N2473JA;
				GENERATE_INFOPLIST_FILE = YES;
				IPHONEOS_DEPLOYMENT_TARGET = 15.2;
				MARKETING_VERSION = 1.0;
				PRODUCT_BUNDLE_IDENTIFIER = harsha.EmployeeDirectoryAppTests;
				PRODUCT_NAME = "$(TARGET_NAME)";
				SWIFT_EMIT_LOC_STRINGS = NO;
				SWIFT_VERSION = 5.0;
				TARGETED_DEVICE_FAMILY = "1,2";
				TEST_HOST = "$(BUILT_PRODUCTS_DIR)/EmployeeDirectoryApp.app/EmployeeDirectoryApp";
			};
			name = Debug;
		};
		02335FB32AB5FCE20033221B /* Release */ = {
			isa = XCBuildConfiguration;
			buildSettings = {
				ALWAYS_EMBED_SWIFT_STANDARD_LIBRARIES = YES;
				BUNDLE_LOADER = "$(TEST_HOST)";
				CODE_SIGN_STYLE = Automatic;
				CURRENT_PROJECT_VERSION = 1;
				DEVELOPMENT_TEAM = S43N2473JA;
				GENERATE_INFOPLIST_FILE = YES;
				IPHONEOS_DEPLOYMENT_TARGET = 15.2;
				MARKETING_VERSION = 1.0;
				PRODUCT_BUNDLE_IDENTIFIER = harsha.EmployeeDirectoryAppTests;
				PRODUCT_NAME = "$(TARGET_NAME)";
				SWIFT_EMIT_LOC_STRINGS = NO;
				SWIFT_VERSION = 5.0;
				TARGETED_DEVICE_FAMILY = "1,2";
				TEST_HOST = "$(BUILT_PRODUCTS_DIR)/EmployeeDirectoryApp.app/EmployeeDirectoryApp";
			};
			name = Release;
		};
		02335FB52AB5FCE20033221B /* Debug */ = {
			isa = XCBuildConfiguration;
			buildSettings = {
				ALWAYS_EMBED_SWIFT_STANDARD_LIBRARIES = YES;
				CODE_SIGN_STYLE = Automatic;
				CURRENT_PROJECT_VERSION = 1;
				DEVELOPMENT_TEAM = S43N2473JA;
				GENERATE_INFOPLIST_FILE = YES;
				MARKETING_VERSION = 1.0;
				PRODUCT_BUNDLE_IDENTIFIER = harsha.EmployeeDirectoryAppUITests;
				PRODUCT_NAME = "$(TARGET_NAME)";
				SWIFT_EMIT_LOC_STRINGS = NO;
				SWIFT_VERSION = 5.0;
				TARGETED_DEVICE_FAMILY = "1,2";
				TEST_TARGET_NAME = EmployeeDirectoryApp;
			};
			name = Debug;
		};
		02335FB62AB5FCE20033221B /* Release */ = {
			isa = XCBuildConfiguration;
			buildSettings = {
				ALWAYS_EMBED_SWIFT_STANDARD_LIBRARIES = YES;
				CODE_SIGN_STYLE = Automatic;
				CURRENT_PROJECT_VERSION = 1;
				DEVELOPMENT_TEAM = S43N2473JA;
				GENERATE_INFOPLIST_FILE = YES;
				MARKETING_VERSION = 1.0;
				PRODUCT_BUNDLE_IDENTIFIER = harsha.EmployeeDirectoryAppUITests;
				PRODUCT_NAME = "$(TARGET_NAME)";
				SWIFT_EMIT_LOC_STRINGS = NO;
				SWIFT_VERSION = 5.0;
				TARGETED_DEVICE_FAMILY = "1,2";
				TEST_TARGET_NAME = EmployeeDirectoryApp;
			};
			name = Release;
		};
/* End XCBuildConfiguration section */

/* Begin XCConfigurationList section */
		02335F7F2AB5FCDE0033221B /* Build configuration list for PBXProject "EmployeeDirectoryApp" */ = {
			isa = XCConfigurationList;
			buildConfigurations = (
				02335FAC2AB5FCE20033221B /* Debug */,
				02335FAD2AB5FCE20033221B /* Release */,
			);
			defaultConfigurationIsVisible = 0;
			defaultConfigurationName = Release;
		};
		02335FAE2AB5FCE20033221B /* Build configuration list for PBXNativeTarget "EmployeeDirectoryApp" */ = {
			isa = XCConfigurationList;
			buildConfigurations = (
				02335FAF2AB5FCE20033221B /* Debug */,
				02335FB02AB5FCE20033221B /* Release */,
			);
			defaultConfigurationIsVisible = 0;
			defaultConfigurationName = Release;
		};
		02335FB12AB5FCE20033221B /* Build configuration list for PBXNativeTarget "EmployeeDirectoryAppTests" */ = {
			isa = XCConfigurationList;
			buildConfigurations = (
				02335FB22AB5FCE20033221B /* Debug */,
				02335FB32AB5FCE20033221B /* Release */,
			);
			defaultConfigurationIsVisible = 0;
			defaultConfigurationName = Release;
		};
		02335FB42AB5FCE20033221B /* Build configuration list for PBXNativeTarget "EmployeeDirectoryAppUITests" */ = {
			isa = XCConfigurationList;
			buildConfigurations = (
				02335FB52AB5FCE20033221B /* Debug */,
				02335FB62AB5FCE20033221B /* Release */,
			);
			defaultConfigurationIsVisible = 0;
			defaultConfigurationName = Release;
		};
/* End XCConfigurationList section */
	};
	rootObject = 02335F7C2AB5FCDE0033221B /* Project object */;
}
